	<Project xmlns="http://schemas.microsoft.com/developer/msbuild/2003">
		<PropertyGroup>
			<ProjectGuid>{E3AAB2A7-1BA2-4754-8E07-19834A8DD1BA}</ProjectGuid>
			<MainSource>RpDataFlashCommR.dpk</MainSource>
			<Base>True</Base>
			<Config Condition="'$(Config)'==''">Debug</Config>
			<TargetedPlatforms>1</TargetedPlatforms>
			<AppType>Package</AppType>
			<FrameworkType>None</FrameworkType>
			<ProjectVersion>18.0</ProjectVersion>
			<Platform Condition="'$(Platform)'==''">Win32</Platform>
			<Platform>Win32</Platform>
			<DCC_DCCCompiler>DCC32</DCC_DCCCompiler>
		</PropertyGroup>
		<PropertyGroup Condition="'$(Config)'=='Base' or '$(Base)'!=''">
			<Base>true</Base>
		</PropertyGroup>
		<PropertyGroup Condition="'$(Config)'=='Release' or '$(Cfg_1)'!=''">
			<Cfg_1>true</Cfg_1>
			<CfgParent>Base</CfgParent>
			<Base>true</Base>
		</PropertyGroup>
		<PropertyGroup Condition="'$(Config)'=='Debug' or '$(Cfg_2)'!=''">
			<Cfg_2>true</Cfg_2>
			<CfgParent>Base</CfgParent>
			<Base>true</Base>
		</PropertyGroup>
		<PropertyGroup Condition="'$(Platform)'=='Win32' and '$(Cfg_2)'=='true' or '$(Cfg_2_Win32)'!=''">
			<Cfg_2_Win32>true</Cfg_2_Win32>
			<CfgParent>Cfg_2</CfgParent>
			<Cfg_2>true</Cfg_2>
			<Base>true</Base>
		</PropertyGroup>
		<PropertyGroup Condition="'$(Base)'!=''">
			<SanitizedProjectName>LRDataFlashTCPcomm</SanitizedProjectName>
			<DCC_OutputNeverBuildDcps>true</DCC_OutputNeverBuildDcps>
			<DCC_DcuOutput>..\Bin\Dcu</DCC_DcuOutput>
			<RuntimeOnlyPackage>true</RuntimeOnlyPackage>
			<DCC_E>false</DCC_E>
			<DCC_K>false</DCC_K>
			<DCC_ImageBase>00400000</DCC_ImageBase>
			<DCC_Namespace>Vcl;Vcl.Imaging;Vcl.Touch;Vcl.Samples;Vcl.Shell;System;Xml;Data;Datasnap;Web;Soap;Winapi;System.Win;$(DCC_Namespace)</DCC_Namespace>
			<DCC_S>false</DCC_S>
			<GenDll>true</GenDll>
			<VerInfo_Keys>CompanyName=;FileDescription=;FileVersion=1.0.0.0;InternalName=;LegalCopyright=;LegalTrademarks=;OriginalFilename=;ProductName=;ProductVersion=1.0.0.0;Comments=;CFBundleName=;CFBundleDisplayName=;CFBundleIdentifier=;CFBundleVersion=;CFBundlePackageType=;CFBundleSignature=;CFBundleAllowMixedLocalizations=;CFBundleExecutable=</VerInfo_Keys>
			<DCC_N>false</DCC_N>
			<DCC_F>false</DCC_F>
			<GenPackage>true</GenPackage>
			<DCC_Description>DataFlash - Runtime Communication Package - Rafael Passarela</DCC_Description>
			<VerInfo_Locale>1046</VerInfo_Locale>
		</PropertyGroup>
		<PropertyGroup Condition="'$(Cfg_1)'!=''">
			<DCC_DebugInformation>0</DCC_DebugInformation>
			<DCC_Define>RELEASE;$(DCC_Define)</DCC_Define>
			<DCC_SymbolReferenceInfo>0</DCC_SymbolReferenceInfo>
			<DCC_LocalDebugSymbols>false</DCC_LocalDebugSymbols>
		</PropertyGroup>
		<PropertyGroup Condition="'$(Cfg_2)'!=''">
			<DCC_Define>DEBUG;$(DCC_Define)</DCC_Define>
			<DCC_GenerateStackFrames>true</DCC_GenerateStackFrames>
			<DCC_Optimize>false</DCC_Optimize>
		</PropertyGroup>
		<PropertyGroup Condition="'$(Cfg_2_Win32)'!=''">
			<DCC_MapFile>3</DCC_MapFile>
		</PropertyGroup>
		<ItemGroup>
			<DelphiCompile Include="RpDataFlashCommR.dpk">
				<MainSource>MainSource</MainSource>
			</DelphiCompile>
			<DCCReference Include="IndySystem.dcp"/>
			<DCCReference Include="IndyProtocols.dcp"/>
			<DCCReference Include="IndyCore.dcp"/>
			<DCCReference Include="designide.dcp"/>
			<DCCReference Include="dsnap.dcp"/>
			<DCCReference Include="RpCommonFunctions.dcp"/>
			<DCCReference Include="RpEncryption.dcp"/>
			<DCCReference Include="RpSerialization.dcp"/>
			<DCCReference Include="src\uRpDataFlash.Components.pas"/>
			<DCCReference Include="src\uRpDataFlash.Protocol.pas"/>
			<DCCReference Include="src\fLRDF.DefinirConexao.pas">
				<Form>frmLRDF.DefinirConexao</Form>
			</DCCReference>
			<DCCReference Include="src\uRpDataFlash.Command.pas"/>
			<DCCReference Include="src\uRpDataFlash.ProxyGenerator.pas"/>
			<DCCReference Include="src\uRpDataFlash.ProxyBase.pas"/>
			<DCCReference Include="src\uRpDataFlash.Ping.pas"/>
			<DCCReference Include="src\uRpDataFlash.Types.pas"/>
			<DCCReference Include="src\uRpDataFlash.ThreadConnection.pas"/>
			<DCCReference Include="src\uRpDataFlash.Connection.pas"/>
			<DCCReference Include="src\fLRDF.ComandoView.pas">
				<Form>frmComandoView</Form>
			</DCCReference>
			<DCCReference Include="src\fLRDF.ComandosControllerView.pas">
				<Form>frmComandosControllerView</Form>
			</DCCReference>
			<DCCReference Include="src\uRpDataFlash.CommandController.pas"/>
			<DCCReference Include="src\uRpDataFlash.XMLController.pas"/>
			<DCCReference Include="src\uRpDataFlash.DataSet.pas"/>
			<DCCReference Include="src\uRpDataFlash.FieldFormatter.pas"/>
			<DCCReference Include="src\uRpDataFlash.DataSetProvider.pas"/>
			<DCCReference Include="src\fLRDF.EditorComandosProvider.pas">
				<Form>frmEditorComandosProvider</Form>
			</DCCReference>
			<DCCReference Include="src\uRpDataFlash.AuthCommand.pas"/>
			<DCCReference Include="src\uRpDataFlash.CommandExecutor.pas"/>
			<DCCReference Include="src\uRpDataFlash.GetCommandList.pas"/>
			<DCCReference Include="src\uRpDataFlash.ConvertUtils.pas"/>
			<DCCReference Include="src\uRpDataFlash.ObjectReg.pas"/>
			<DCCReference Include="src\uRpDataFlash.CommandHelper.pas"/>
			<BuildConfiguration Include="Debug">
				<Key>Cfg_2</Key>
				<CfgParent>Base</CfgParent>
			</BuildConfiguration>
			<BuildConfiguration Include="Base">
				<Key>Base</Key>
			</BuildConfiguration>
			<BuildConfiguration Include="Release">
				<Key>Cfg_1</Key>
				<CfgParent>Base</CfgParent>
			</BuildConfiguration>
		</ItemGroup>
		<Import Condition="Exists('$(BDS)\Bin\CodeGear.Delphi.Targets')" Project="$(BDS)\Bin\CodeGear.Delphi.Targets"/>
		<Import Condition="Exists('$(APPDATA)\Embarcadero\$(BDSAPPDATABASEDIR)\$(PRODUCTVERSION)\UserTools.proj')" Project="$(APPDATA)\Embarcadero\$(BDSAPPDATABASEDIR)\$(PRODUCTVERSION)\UserTools.proj"/>
		<ProjectExtensions>
			<Borland.Personality>Delphi.Personality.12</Borland.Personality>
			<Borland.ProjectType>Package</Borland.ProjectType>
			<BorlandProject>
				<Delphi.Personality>
					<Source>
						<Source Name="MainSource">RpDataFlashCommR.dpk</Source>
					</Source>
					<VersionInfo>
						<VersionInfo Name="IncludeVerInfo">True</VersionInfo>
						<VersionInfo Name="AutoIncBuild">False</VersionInfo>
						<VersionInfo Name="MajorVer">1</VersionInfo>
						<VersionInfo Name="MinorVer">0</VersionInfo>
						<VersionInfo Name="Release">0</VersionInfo>
						<VersionInfo Name="Build">0</VersionInfo>
						<VersionInfo Name="Debug">False</VersionInfo>
						<VersionInfo Name="PreRelease">False</VersionInfo>
						<VersionInfo Name="Special">False</VersionInfo>
						<VersionInfo Name="Private">False</VersionInfo>
						<VersionInfo Name="DLL">False</VersionInfo>
						<VersionInfo Name="Locale">1033</VersionInfo>
						<VersionInfo Name="CodePage">1252</VersionInfo>
					</VersionInfo>
					<VersionInfoKeys>
						<VersionInfoKeys Name="CompanyName"/>
						<VersionInfoKeys Name="FileDescription"/>
						<VersionInfoKeys Name="FileVersion">1.0.0.0</VersionInfoKeys>
						<VersionInfoKeys Name="InternalName"/>
						<VersionInfoKeys Name="LegalCopyright"/>
						<VersionInfoKeys Name="LegalTrademarks"/>
						<VersionInfoKeys Name="OriginalFilename"/>
						<VersionInfoKeys Name="ProductName"/>
						<VersionInfoKeys Name="ProductVersion">1.0.0.0</VersionInfoKeys>
						<VersionInfoKeys Name="Comments"/>
						<VersionInfoKeys Name="CFBundleName"/>
						<VersionInfoKeys Name="CFBundleDisplayName"/>
						<VersionInfoKeys Name="CFBundleIdentifier"/>
						<VersionInfoKeys Name="CFBundleVersion"/>
						<VersionInfoKeys Name="CFBundlePackageType"/>
						<VersionInfoKeys Name="CFBundleSignature"/>
						<VersionInfoKeys Name="CFBundleAllowMixedLocalizations"/>
						<VersionInfoKeys Name="CFBundleExecutable"/>
					</VersionInfoKeys>
					<Excluded_Packages>
						<Excluded_Packages Name="$(BDSBIN)\dcloffice2k230.bpl">Microsoft Office 2000 Sample Automation Server Wrapper Components</Excluded_Packages>
						<Excluded_Packages Name="$(BDSBIN)\dclofficexp230.bpl">Microsoft Office XP Sample Automation Server Wrapper Components</Excluded_Packages>
					</Excluded_Packages>
				</Delphi.Personality>
				<Platforms>
					<Platform value="Android">False</Platform>
					<Platform value="Win64">False</Platform>
					<Platform value="Win32">True</Platform>
				</Platforms>
			</BorlandProject>
			<ProjectFileVersion>12</ProjectFileVersion>
		</ProjectExtensions>
	</Project>
